
Microsoft Visual Studio Solution File, Format Version 12.00
# Visual Studio Version 17
VisualStudioVersion = 17.5.001.0
MinimumVisualStudioVersion = 10.0.40219.1
Project("{9A19103F-16F7-4668-BE54-9A1E7A4F7556}") = "tl1-tp7-2024-Daggam", "tl1-tp7-2024-Daggam.csproj", "{834BEEA9-121E-4830-8026-743BE8AA0676}"
EndProject
Global
	GlobalSection(SolutionConfigurationPlatforms) = preSolution
		Debug|Any CPU = Debug|Any CPU
		Release|Any CPU = Release|Any CPU
	EndGlobalSection
	GlobalSection(ProjectConfigurationPlatforms) = postSolution
		{834BEEA9-121E-4830-8026-743BE8AA0676}.Debug|Any CPU.ActiveCfg = Debug|Any CPU
		{834BEEA9-121E-4830-8026-743BE8AA0676}.Debug|Any CPU.Build.0 = Debug|Any CPU
		{834BEEA9-121E-4830-8026-743BE8AA0676}.Release|Any CPU.ActiveCfg = Release|Any CPU
		{834BEEA9-121E-4830-8026-743BE8AA0676}.Release|Any CPU.Build.0 = Release|Any CPU
	EndGlobalSection
	GlobalSection(SolutionProperties) = preSolution
		HideSolutionNode = FALSE
	EndGlobalSection
	GlobalSection(ExtensibilityGlobals) = postSolution
		SolutionGuid = {A15A9599-9BB5-4952-A0FC-55FA1ED7EC27}
	EndGlobalSection
EndGlobal
